
Microsoft Visual Studio Solution File, Format Version 12.00
# Visual Studio 15
VisualStudioVersion = 15.0.28307.852
MinimumVisualStudioVersion = 10.0.40219.1
Project("{FAE04EC0-301F-11D3-BF4B-00C04F79EFBC}") = "Examen_Final", "Examen_Final\Examen_Final.csproj", "{615F2D08-9A3F-443E-9B44-726A7510DDBE}"
EndProject
Global
	GlobalSection(SolutionConfigurationPlatforms) = preSolution
		Debug|Any CPU = Debug|Any CPU
		Release|Any CPU = Release|Any CPU
	EndGlobalSection
	GlobalSection(ProjectConfigurationPlatforms) = postSolution
		{615F2D08-9A3F-443E-9B44-726A7510DDBE}.Debug|Any CPU.ActiveCfg = Debug|Any CPU
		{615F2D08-9A3F-443E-9B44-726A7510DDBE}.Debug|Any CPU.Build.0 = Debug|Any CPU
		{615F2D08-9A3F-443E-9B44-726A7510DDBE}.Release|Any CPU.ActiveCfg = Release|Any CPU
		{615F2D08-9A3F-443E-9B44-726A7510DDBE}.Release|Any CPU.Build.0 = Release|Any CPU
	EndGlobalSection
	GlobalSection(SolutionProperties) = preSolution
		HideSolutionNode = FALSE
	EndGlobalSection
	GlobalSection(ExtensibilityGlobals) = postSolution
		SolutionGuid = {0649CB4B-4409-4927-BBEB-B65458AB7F1C}
	EndGlobalSection
EndGlobal
